PODS:
  - ActionSheetPicker-3.0 (2.0.1)
  - SwiftyJSON (2.3.2)

DEPENDENCIES:
  - ActionSheetPicker-3.0 (~> 2.0.1)
  - SwiftyJSON (from `https://github.com/SwiftyJSON/SwiftyJSON.git`, branch `swift3`)

EXTERNAL SOURCES:
  SwiftyJSON:
    :branch: swift3
    :git: https://github.com/SwiftyJSON/SwiftyJSON.git

CHECKOUT OPTIONS:
  SwiftyJSON:
    :commit: 6882c23c19d8c36811e9424daf458877032f4b81
    :git: https://github.com/SwiftyJSON/SwiftyJSON.git

SPEC CHECKSUMS:
  ActionSheetPicker-3.0: eeb47e64b7af3e09a50e1ce5dfee9c8c957490c6
  SwiftyJSON: 04ccea08915aa0109039157c7974cf0298da292a

COCOAPODS: 0.39.0
