<?xml version="1.0" encoding="UTF-8"?>
<!DOCTYPE plist PUBLIC "-//Apple//DTD PLIST 1.0//EN" "http://www.apple.com/DTDs/PropertyList-1.0.dtd">
<plist version="1.0">
<dict>
	<key>archiveVersion</key>
	<string>1</string>
	<key>classes</key>
	<dict/>
	<key>objectVersion</key>
	<string>46</string>
	<key>objects</key>
	<dict>
		<key>13A84E64C3938418FD3F4B43</key>
		<dict>
			<key>buildActionMask</key>
			<string>2147483647</string>
			<key>files</key>
			<array/>
			<key>inputPaths</key>
			<array/>
			<key>isa</key>
			<string>PBXShellScriptBuildPhase</string>
			<key>name</key>
			<string>Check Pods Manifest.lock</string>
			<key>outputPaths</key>
			<array/>
			<key>runOnlyForDeploymentPostprocessing</key>
			<string>0</string>
			<key>shellPath</key>
			<string>/bin/sh</string>
			<key>shellScript</key>
			<string>diff "${PODS_ROOT}/../Podfile.lock" "${PODS_ROOT}/Manifest.lock" &gt; /dev/null
if [[ $? != 0 ]] ; then
    cat &lt;&lt; EOM
error: The sandbox is not in sync with the Podfile.lock. Run 'pod install' or update your CocoaPods installation.
EOM
    exit 1
fi
</string>
			<key>showEnvVarsInLog</key>
			<string>0</string>
		</dict>
		<key>17B60CAC95927536BC8C2B6E</key>
		<dict>
			<key>children</key>
			<array>
				<string>9F6D1F742A74E012E010E9DE</string>
			</array>
			<key>isa</key>
			<string>PBXGroup</string>
			<key>name</key>
			<string>Frameworks</string>
			<key>sourceTree</key>
			<string>&lt;group&gt;</string>
		</dict>
		<key>36C72CCE349394302ABE3603</key>
		<dict>
			<key>includeInIndex</key>
			<string>1</string>
			<key>isa</key>
			<string>PBXFileReference</string>
			<key>lastKnownFileType</key>
			<string>text.xcconfig</string>
			<key>name</key>
			<string>Pods.release.xcconfig</string>
			<key>path</key>
			<string>Pods/Target Support Files/Pods/Pods.release.xcconfig</string>
			<key>sourceTree</key>
			<string>&lt;group&gt;</string>
		</dict>
		<key>537DAF24931972F0767F2761</key>
		<dict>
			<key>buildActionMask</key>
			<string>2147483647</string>
			<key>files</key>
			<array/>
			<key>inputPaths</key>
			<array/>
			<key>isa</key>
			<string>PBXShellScriptBuildPhase</string>
			<key>name</key>
			<string>Embed Pods Frameworks</string>
			<key>outputPaths</key>
			<array/>
			<key>runOnlyForDeploymentPostprocessing</key>
			<string>0</string>
			<key>shellPath</key>
			<string>/bin/sh</string>
			<key>shellScript</key>
			<string>"${SRCROOT}/Pods/Target Support Files/Pods/Pods-frameworks.sh"
</string>
			<key>showEnvVarsInLog</key>
			<string>0</string>
		</dict>
		<key>6ECE1AD0E1699BB6C4A9AE99</key>
		<dict>
			<key>children</key>
			<array>
				<string>D8F03CF7D4E674390BED8D2B</string>
				<string>36C72CCE349394302ABE3603</string>
			</array>
			<key>isa</key>
			<string>PBXGroup</string>
			<key>name</key>
			<string>Pods</string>
			<key>sourceTree</key>
			<string>&lt;group&gt;</string>
		</dict>
		<key>8423198FEE99301BF7C0EE40</key>
		<dict>
			<key>buildActionMask</key>
			<string>2147483647</string>
			<key>files</key>
			<array/>
			<key>inputPaths</key>
			<array/>
			<key>isa</key>
			<string>PBXShellScriptBuildPhase</string>
			<key>name</key>
			<string>Copy Pods Resources</string>
			<key>outputPaths</key>
			<array/>
			<key>runOnlyForDeploymentPostprocessing</key>
			<string>0</string>
			<key>shellPath</key>
			<string>/bin/sh</string>
			<key>shellScript</key>
			<string>"${SRCROOT}/Pods/Target Support Files/Pods/Pods-resources.sh"
</string>
			<key>showEnvVarsInLog</key>
			<string>0</string>
		</dict>
		<key>9F6D1F742A74E012E010E9DE</key>
		<dict>
			<key>explicitFileType</key>
			<string>wrapper.framework</string>
			<key>includeInIndex</key>
			<string>0</string>
			<key>isa</key>
			<string>PBXFileReference</string>
			<key>path</key>
			<string>Pods.framework</string>
			<key>sourceTree</key>
			<string>BUILT_PRODUCTS_DIR</string>
		</dict>
		<key>D40BF19E19E6921C00FDB633</key>
		<dict>
			<key>children</key>
			<array>
				<string>D40BF1A519E6922C00FDB633</string>
				<string>D40BF19F19E6921C00FDB633</string>
				<string>D40BF1A119E6921C00FDB633</string>
			</array>
			<key>isa</key>
			<string>PBXGroup</string>
			<key>path</key>
			<string>Extensions</string>
			<key>sourceTree</key>
			<string>&lt;group&gt;</string>
		</dict>
		<key>D40BF19F19E6921C00FDB633</key>
		<dict>
			<key>fileEncoding</key>
			<string>4</string>
			<key>isa</key>
			<string>PBXFileReference</string>
			<key>lastKnownFileType</key>
			<string>sourcecode.swift</string>
			<key>path</key>
			<string>StringExtension.swift</string>
			<key>sourceTree</key>
			<string>&lt;group&gt;</string>
		</dict>
		<key>D40BF1A119E6921C00FDB633</key>
		<dict>
			<key>fileEncoding</key>
			<string>4</string>
			<key>isa</key>
			<string>PBXFileReference</string>
			<key>lastKnownFileType</key>
			<string>sourcecode.swift</string>
			<key>path</key>
			<string>UIColorExtension.swift</string>
			<key>sourceTree</key>
			<string>&lt;group&gt;</string>
		</dict>
		<key>D40BF1A219E6921C00FDB633</key>
		<dict>
			<key>fileRef</key>
			<string>D40BF19F19E6921C00FDB633</string>
			<key>isa</key>
			<string>PBXBuildFile</string>
		</dict>
		<key>D40BF1A419E6921C00FDB633</key>
		<dict>
			<key>fileRef</key>
			<string>D40BF1A119E6921C00FDB633</string>
			<key>isa</key>
			<string>PBXBuildFile</string>
		</dict>
		<key>D40BF1A519E6922C00FDB633</key>
		<dict>
			<key>fileEncoding</key>
			<string>4</string>
			<key>isa</key>
			<string>PBXFileReference</string>
			<key>lastKnownFileType</key>
			<string>sourcecode.swift</string>
			<key>path</key>
			<string>ArrayExtension.swift</string>
			<key>sourceTree</key>
			<string>&lt;group&gt;</string>
		</dict>
		<key>D40BF1A619E6922C00FDB633</key>
		<dict>
			<key>fileRef</key>
			<string>D40BF1A519E6922C00FDB633</string>
			<key>isa</key>
			<string>PBXBuildFile</string>
		</dict>
		<key>D40BF1A719E69D2C00FDB633</key>
		<dict>
			<key>children</key>
			<array>
				<string>D4C830F01BB187A5007523EA</string>
				<string>D40BF1A819E69D2C00FDB633</string>
				<string>D40BF1A919E69D2C00FDB633</string>
				<string>D40BF1AA19E69D2C00FDB633</string>
			</array>
			<key>isa</key>
			<string>PBXGroup</string>
			<key>path</key>
			<string>scenes</string>
			<key>sourceTree</key>
			<string>&lt;group&gt;</string>
		</dict>
		<key>D40BF1A819E69D2C00FDB633</key>
		<dict>
			<key>fileEncoding</key>
			<string>4</string>
			<key>isa</key>
			<string>PBXFileReference</string>
			<key>lastKnownFileType</key>
			<string>sourcecode.swift</string>
			<key>path</key>
			<string>RecordsAddController.swift</string>
			<key>sourceTree</key>
			<string>&lt;group&gt;</string>
		</dict>
		<key>D40BF1A919E69D2C00FDB633</key>
		<dict>
			<key>fileEncoding</key>
			<string>4</string>
			<key>isa</key>
			<string>PBXFileReference</string>
			<key>lastKnownFileType</key>
			<string>sourcecode.swift</string>
			<key>path</key>
			<string>RecordsDetailController.swift</string>
			<key>sourceTree</key>
			<string>&lt;group&gt;</string>
		</dict>
		<key>D40BF1AA19E69D2C00FDB633</key>
		<dict>
			<key>fileEncoding</key>
			<string>4</string>
			<key>isa</key>
			<string>PBXFileReference</string>
			<key>lastKnownFileType</key>
			<string>sourcecode.swift</string>
			<key>path</key>
			<string>RecordsOverviewController.swift</string>
			<key>sourceTree</key>
			<string>&lt;group&gt;</string>
		</dict>
		<key>D40BF1AB19E69D2C00FDB633</key>
		<dict>
			<key>fileRef</key>
			<string>D40BF1A819E69D2C00FDB633</string>
			<key>isa</key>
			<string>PBXBuildFile</string>
		</dict>
		<key>D40BF1AC19E69D2C00FDB633</key>
		<dict>
			<key>fileRef</key>
			<string>D40BF1A919E69D2C00FDB633</string>
			<key>isa</key>
			<string>PBXBuildFile</string>
		</dict>
		<key>D40BF1AD19E69D2C00FDB633</key>
		<dict>
			<key>fileRef</key>
			<string>D40BF1AA19E69D2C00FDB633</string>
			<key>isa</key>
			<string>PBXBuildFile</string>
		</dict>
		<key>D43AECE719E3219E00DADC22</key>
		<dict>
			<key>isa</key>
			<string>PBXFileReference</string>
			<key>lastKnownFileType</key>
			<string>sourcecode.c.h</string>
			<key>path</key>
			<string>Objective-C-Bridge.h</string>
			<key>sourceTree</key>
			<string>&lt;group&gt;</string>
		</dict>
		<key>D45B8A1C19DE96FB002CF664</key>
		<dict>
			<key>fileEncoding</key>
			<string>4</string>
			<key>isa</key>
			<string>PBXFileReference</string>
			<key>lastKnownFileType</key>
			<string>sourcecode.swift</string>
			<key>path</key>
			<string>StartupCommand.swift</string>
			<key>sourceTree</key>
			<string>&lt;group&gt;</string>
		</dict>
		<key>D45B8A1D19DE96FB002CF664</key>
		<dict>
			<key>fileRef</key>
			<string>D45B8A1C19DE96FB002CF664</string>
			<key>isa</key>
			<string>PBXBuildFile</string>
		</dict>
		<key>D47F666419E3F41B00DB4C3A</key>
		<dict>
			<key>children</key>
			<array>
				<string>D47F666519E3F42800DB4C3A</string>
			</array>
			<key>isa</key>
			<string>PBXGroup</string>
			<key>path</key>
			<string>util</string>
			<key>sourceTree</key>
			<string>&lt;group&gt;</string>
		</dict>
		<key>D47F666519E3F42800DB4C3A</key>
		<dict>
			<key>fileEncoding</key>
			<string>4</string>
			<key>isa</key>
			<string>PBXFileReference</string>
			<key>lastKnownFileType</key>
			<string>sourcecode.swift</string>
			<key>path</key>
			<string>Util.swift</string>
			<key>sourceTree</key>
			<string>&lt;group&gt;</string>
		</dict>
		<key>D47F666619E3F42800DB4C3A</key>
		<dict>
			<key>fileRef</key>
			<string>D47F666519E3F42800DB4C3A</string>
			<key>isa</key>
			<string>PBXBuildFile</string>
		</dict>
		<key>D4950B1619E280A700AE4D54</key>
		<dict>
			<key>fileEncoding</key>
			<string>4</string>
			<key>isa</key>
			<string>PBXFileReference</string>
			<key>lastKnownFileType</key>
			<string>sourcecode.swift</string>
			<key>path</key>
			<string>RecordVO.swift</string>
			<key>sourceTree</key>
			<string>&lt;group&gt;</string>
		</dict>
		<key>D4950B1719E280A700AE4D54</key>
		<dict>
			<key>fileRef</key>
			<string>D4950B1619E280A700AE4D54</string>
			<key>isa</key>
			<string>PBXBuildFile</string>
		</dict>
		<key>D4950B1819E280AF00AE4D54</key>
		<dict>
			<key>fileEncoding</key>
			<string>4</string>
			<key>isa</key>
			<string>PBXFileReference</string>
			<key>lastKnownFileType</key>
			<string>sourcecode.swift</string>
			<key>path</key>
			<string>RecordProxy.swift</string>
			<key>sourceTree</key>
			<string>&lt;group&gt;</string>
		</dict>
		<key>D4950B1919E280AF00AE4D54</key>
		<dict>
			<key>fileRef</key>
			<string>D4950B1819E280AF00AE4D54</string>
			<key>isa</key>
			<string>PBXBuildFile</string>
		</dict>
		<key>D4950B1C19E2883300AE4D54</key>
		<dict>
			<key>children</key>
			<array>
				<string>D4D4153019DDB02C001D920F</string>
				<string>D4D4153319DDB02C001D920F</string>
				<string>D4D4153519DDB02C001D920F</string>
				<string>D4950B1D19E2886E00AE4D54</string>
			</array>
			<key>isa</key>
			<string>PBXGroup</string>
			<key>name</key>
			<string>Assets</string>
			<key>sourceTree</key>
			<string>&lt;group&gt;</string>
		</dict>
		<key>D4950B1D19E2886E00AE4D54</key>
		<dict>
			<key>children</key>
			<array>
				<string>D4950B1E19E2886E00AE4D54</string>
			</array>
			<key>isa</key>
			<string>PBXVariantGroup</string>
			<key>name</key>
			<string>data.json</string>
			<key>sourceTree</key>
			<string>&lt;group&gt;</string>
		</dict>
		<key>D4950B1E19E2886E00AE4D54</key>
		<dict>
			<key>isa</key>
			<string>PBXFileReference</string>
			<key>lastKnownFileType</key>
			<string>text.json</string>
			<key>name</key>
			<string>Base</string>
			<key>path</key>
			<string>Base.lproj/data.json</string>
			<key>sourceTree</key>
			<string>&lt;group&gt;</string>
		</dict>
		<key>D4950B2119E2886E00AE4D54</key>
		<dict>
			<key>fileRef</key>
			<string>D4950B1D19E2886E00AE4D54</string>
			<key>isa</key>
			<string>PBXBuildFile</string>
		</dict>
		<key>D4950B5819E2B11600AE4D54</key>
		<dict>
			<key>fileEncoding</key>
			<string>4</string>
			<key>isa</key>
			<string>PBXFileReference</string>
			<key>lastKnownFileType</key>
			<string>sourcecode.swift</string>
			<key>path</key>
			<string>RecordsOverviewMediator.swift</string>
			<key>sourceTree</key>
			<string>&lt;group&gt;</string>
		</dict>
		<key>D4950B5919E2B11600AE4D54</key>
		<dict>
			<key>fileRef</key>
			<string>D4950B5819E2B11600AE4D54</string>
			<key>isa</key>
			<string>PBXBuildFile</string>
		</dict>
		<key>D4C830F01BB187A5007523EA</key>
		<dict>
			<key>children</key>
			<array>
				<string>D4C830F11BB187B1007523EA</string>
				<string>D4C830F31BB187C6007523EA</string>
				<string>D4C830F51BB187DE007523EA</string>
			</array>
			<key>isa</key>
			<string>PBXGroup</string>
			<key>path</key>
			<string>add</string>
			<key>sourceTree</key>
			<string>&lt;group&gt;</string>
		</dict>
		<key>D4C830F11BB187B1007523EA</key>
		<dict>
			<key>fileEncoding</key>
			<string>4</string>
			<key>isa</key>
			<string>PBXFileReference</string>
			<key>lastKnownFileType</key>
			<string>sourcecode.swift</string>
			<key>path</key>
			<string>RecordsAddInputCell.swift</string>
			<key>sourceTree</key>
			<string>&lt;group&gt;</string>
		</dict>
		<key>D4C830F21BB187B1007523EA</key>
		<dict>
			<key>fileRef</key>
			<string>D4C830F11BB187B1007523EA</string>
			<key>isa</key>
			<string>PBXBuildFile</string>
		</dict>
		<key>D4C830F31BB187C6007523EA</key>
		<dict>
			<key>fileEncoding</key>
			<string>4</string>
			<key>isa</key>
			<string>PBXFileReference</string>
			<key>lastKnownFileType</key>
			<string>sourcecode.swift</string>
			<key>path</key>
			<string>RecordsAddSelectCell.swift</string>
			<key>sourceTree</key>
			<string>&lt;group&gt;</string>
		</dict>
		<key>D4C830F41BB187C6007523EA</key>
		<dict>
			<key>fileRef</key>
			<string>D4C830F31BB187C6007523EA</string>
			<key>isa</key>
			<string>PBXBuildFile</string>
		</dict>
		<key>D4C830F51BB187DE007523EA</key>
		<dict>
			<key>fileEncoding</key>
			<string>4</string>
			<key>isa</key>
			<string>PBXFileReference</string>
			<key>lastKnownFileType</key>
			<string>sourcecode.swift</string>
			<key>path</key>
			<string>RecordsAddGenreController.swift</string>
			<key>sourceTree</key>
			<string>&lt;group&gt;</string>
		</dict>
		<key>D4C830F61BB187DE007523EA</key>
		<dict>
			<key>fileRef</key>
			<string>D4C830F51BB187DE007523EA</string>
			<key>isa</key>
			<string>PBXBuildFile</string>
		</dict>
		<key>D4D4151E19DDB02C001D920F</key>
		<dict>
			<key>children</key>
			<array>
				<string>D4D4152919DDB02C001D920F</string>
				<string>D4D4152819DDB02C001D920F</string>
				<string>6ECE1AD0E1699BB6C4A9AE99</string>
				<string>17B60CAC95927536BC8C2B6E</string>
			</array>
			<key>isa</key>
			<string>PBXGroup</string>
			<key>sourceTree</key>
			<string>&lt;group&gt;</string>
		</dict>
		<key>D4D4151F19DDB02C001D920F</key>
		<dict>
			<key>attributes</key>
			<dict>
				<key>LastSwiftMigration</key>
				<string>0700</string>
				<key>LastSwiftUpdateCheck</key>
				<string>0700</string>
				<key>LastUpgradeCheck</key>
				<string>0700</string>
				<key>ORGANIZATIONNAME</key>
				<string>Stephan Schulz</string>
				<key>TargetAttributes</key>
				<dict>
					<key>D4D4152619DDB02C001D920F</key>
					<dict>
						<key>CreatedOnToolsVersion</key>
						<string>6.0.1</string>
						<key>LastSwiftMigration</key>
						<string>0800</string>
					</dict>
				</dict>
			</dict>
			<key>buildConfigurationList</key>
			<string>D4D4152219DDB02C001D920F</string>
			<key>compatibilityVersion</key>
			<string>Xcode 3.2</string>
			<key>developmentRegion</key>
			<string>English</string>
			<key>hasScannedForEncodings</key>
			<string>0</string>
			<key>isa</key>
			<string>PBXProject</string>
			<key>knownRegions</key>
			<array>
				<string>en</string>
				<string>Base</string>
			</array>
			<key>mainGroup</key>
			<string>D4D4151E19DDB02C001D920F</string>
			<key>productRefGroup</key>
			<string>D4D4152819DDB02C001D920F</string>
			<key>projectDirPath</key>
			<string></string>
			<key>projectReferences</key>
			<array/>
			<key>projectRoot</key>
			<string></string>
			<key>targets</key>
			<array>
				<string>D4D4152619DDB02C001D920F</string>
			</array>
		</dict>
		<key>D4D4152219DDB02C001D920F</key>
		<dict>
			<key>buildConfigurations</key>
			<array>
				<string>D4D4154419DDB02C001D920F</string>
				<string>D4D4154519DDB02C001D920F</string>
			</array>
			<key>defaultConfigurationIsVisible</key>
			<string>0</string>
			<key>defaultConfigurationName</key>
			<string>Release</string>
			<key>isa</key>
			<string>XCConfigurationList</string>
		</dict>
		<key>D4D4152319DDB02C001D920F</key>
		<dict>
			<key>buildActionMask</key>
			<string>2147483647</string>
			<key>files</key>
			<array>
				<string>D4D4157619DDB06A001D920F</string>
				<string>D4D4158719DDB06A001D920F</string>
				<string>D4D4157919DDB06A001D920F</string>
				<string>D45B8A1D19DE96FB002CF664</string>
				<string>D4D4157A19DDB06A001D920F</string>
				<string>D4D4157B19DDB06A001D920F</string>
				<string>D4D4157719DDB06A001D920F</string>
				<string>D40BF1AC19E69D2C00FDB633</string>
				<string>D40BF1A219E6921C00FDB633</string>
				<string>D4D4158219DDB06A001D920F</string>
				<string>D4D4158319DDB06A001D920F</string>
				<string>D4D4152D19DDB02C001D920F</string>
				<string>D4D4155319DDB053001D920F</string>
				<string>D4D4157E19DDB06A001D920F</string>
				<string>D4C830F41BB187C6007523EA</string>
				<string>D4950B5919E2B11600AE4D54</string>
				<string>D4D4157519DDB06A001D920F</string>
				<string>D4D4158119DDB06A001D920F</string>
				<string>D4D4158819DDB06A001D920F</string>
				<string>D4D4157C19DDB06A001D920F</string>
				<string>D4D4158919DDB06A001D920F</string>
				<string>D4D4158519DDB06A001D920F</string>
				<string>D40BF1A419E6921C00FDB633</string>
				<string>D4C830F61BB187DE007523EA</string>
				<string>D40BF1AD19E69D2C00FDB633</string>
				<string>D40BF1AB19E69D2C00FDB633</string>
				<string>D47F666619E3F42800DB4C3A</string>
				<string>D4950B1919E280AF00AE4D54</string>
				<string>D4D4157D19DDB06A001D920F</string>
				<string>D4D4158419DDB06A001D920F</string>
				<string>D4D4158619DDB06A001D920F</string>
				<string>D4D4157819DDB06A001D920F</string>
				<string>D40BF1A619E6922C00FDB633</string>
				<string>D4D4158019DDB06A001D920F</string>
				<string>D4D4157F19DDB06A001D920F</string>
				<string>D4950B1719E280A700AE4D54</string>
				<string>D4C830F21BB187B1007523EA</string>
			</array>
			<key>isa</key>
			<string>PBXSourcesBuildPhase</string>
			<key>runOnlyForDeploymentPostprocessing</key>
			<string>0</string>
		</dict>
		<key>D4D4152419DDB02C001D920F</key>
		<dict>
			<key>buildActionMask</key>
			<string>2147483647</string>
			<key>files</key>
			<array>
				<string>D50F57F7874CADCC881AC0F1</string>
			</array>
			<key>isa</key>
			<string>PBXFrameworksBuildPhase</string>
			<key>runOnlyForDeploymentPostprocessing</key>
			<string>0</string>
		</dict>
		<key>D4D4152519DDB02C001D920F</key>
		<dict>
			<key>buildActionMask</key>
			<string>2147483647</string>
			<key>files</key>
			<array>
				<string>D4D4153219DDB02C001D920F</string>
				<string>D4D4153719DDB02C001D920F</string>
				<string>D4950B2119E2886E00AE4D54</string>
				<string>D4D4153419DDB02C001D920F</string>
			</array>
			<key>isa</key>
			<string>PBXResourcesBuildPhase</string>
			<key>runOnlyForDeploymentPostprocessing</key>
			<string>0</string>
		</dict>
		<key>D4D4152619DDB02C001D920F</key>
		<dict>
			<key>buildConfigurationList</key>
			<string>D4D4154619DDB02C001D920F</string>
			<key>buildPhases</key>
			<array>
				<string>13A84E64C3938418FD3F4B43</string>
				<string>D4D4152319DDB02C001D920F</string>
				<string>D4D4152419DDB02C001D920F</string>
				<string>D4D4152519DDB02C001D920F</string>
				<string>8423198FEE99301BF7C0EE40</string>
				<string>537DAF24931972F0767F2761</string>
			</array>
			<key>buildRules</key>
			<array/>
			<key>dependencies</key>
			<array/>
			<key>isa</key>
			<string>PBXNativeTarget</string>
			<key>name</key>
			<string>PureMVCSwift Demo</string>
			<key>productName</key>
			<string>PureMVCSwift Demo</string>
			<key>productReference</key>
			<string>D4D4152719DDB02C001D920F</string>
			<key>productType</key>
			<string>com.apple.product-type.application</string>
		</dict>
		<key>D4D4152719DDB02C001D920F</key>
		<dict>
			<key>explicitFileType</key>
			<string>wrapper.application</string>
			<key>includeInIndex</key>
			<string>0</string>
			<key>isa</key>
			<string>PBXFileReference</string>
			<key>path</key>
			<string>PureMVCSwift Demo.app</string>
			<key>sourceTree</key>
			<string>BUILT_PRODUCTS_DIR</string>
		</dict>
		<key>D4D4152819DDB02C001D920F</key>
		<dict>
			<key>children</key>
			<array>
				<string>D4D4152719DDB02C001D920F</string>
			</array>
			<key>isa</key>
			<string>PBXGroup</string>
			<key>name</key>
			<string>Products</string>
			<key>sourceTree</key>
			<string>&lt;group&gt;</string>
		</dict>
		<key>D4D4152919DDB02C001D920F</key>
		<dict>
			<key>children</key>
			<array>
				<string>D4D4157419DDB06A001D920F</string>
				<string>D4950B1C19E2883300AE4D54</string>
				<string>D4D4154C19DDB053001D920F</string>
				<string>D4D4152C19DDB02C001D920F</string>
				<string>D40BF19E19E6921C00FDB633</string>
				<string>D4D4152A19DDB02C001D920F</string>
			</array>
			<key>isa</key>
			<string>PBXGroup</string>
			<key>path</key>
			<string>PureMVCSwift Demo</string>
			<key>sourceTree</key>
			<string>&lt;group&gt;</string>
		</dict>
		<key>D4D4152A19DDB02C001D920F</key>
		<dict>
			<key>children</key>
			<array>
				<string>D4D4152B19DDB02C001D920F</string>
				<string>D43AECE719E3219E00DADC22</string>
			</array>
			<key>isa</key>
			<string>PBXGroup</string>
			<key>name</key>
			<string>Supporting Files</string>
			<key>sourceTree</key>
			<string>&lt;group&gt;</string>
		</dict>
		<key>D4D4152B19DDB02C001D920F</key>
		<dict>
			<key>isa</key>
			<string>PBXFileReference</string>
			<key>lastKnownFileType</key>
			<string>text.plist.xml</string>
			<key>path</key>
			<string>Info.plist</string>
			<key>sourceTree</key>
			<string>&lt;group&gt;</string>
		</dict>
		<key>D4D4152C19DDB02C001D920F</key>
		<dict>
			<key>isa</key>
			<string>PBXFileReference</string>
			<key>lastKnownFileType</key>
			<string>sourcecode.swift</string>
			<key>path</key>
			<string>AppDelegate.swift</string>
			<key>sourceTree</key>
			<string>&lt;group&gt;</string>
		</dict>
		<key>D4D4152D19DDB02C001D920F</key>
		<dict>
			<key>fileRef</key>
			<string>D4D4152C19DDB02C001D920F</string>
			<key>isa</key>
			<string>PBXBuildFile</string>
		</dict>
		<key>D4D4153019DDB02C001D920F</key>
		<dict>
			<key>children</key>
			<array>
				<string>D4D4153119DDB02C001D920F</string>
			</array>
			<key>isa</key>
			<string>PBXVariantGroup</string>
			<key>name</key>
			<string>Main.storyboard</string>
			<key>sourceTree</key>
			<string>&lt;group&gt;</string>
		</dict>
		<key>D4D4153119DDB02C001D920F</key>
		<dict>
			<key>isa</key>
			<string>PBXFileReference</string>
			<key>lastKnownFileType</key>
			<string>file.storyboard</string>
			<key>name</key>
			<string>Base</string>
			<key>path</key>
			<string>Base.lproj/Main.storyboard</string>
			<key>sourceTree</key>
			<string>&lt;group&gt;</string>
		</dict>
		<key>D4D4153219DDB02C001D920F</key>
		<dict>
			<key>fileRef</key>
			<string>D4D4153019DDB02C001D920F</string>
			<key>isa</key>
			<string>PBXBuildFile</string>
		</dict>
		<key>D4D4153319DDB02C001D920F</key>
		<dict>
			<key>isa</key>
			<string>PBXFileReference</string>
			<key>lastKnownFileType</key>
			<string>folder.assetcatalog</string>
			<key>path</key>
			<string>Images.xcassets</string>
			<key>sourceTree</key>
			<string>&lt;group&gt;</string>
		</dict>
		<key>D4D4153419DDB02C001D920F</key>
		<dict>
			<key>fileRef</key>
			<string>D4D4153319DDB02C001D920F</string>
			<key>isa</key>
			<string>PBXBuildFile</string>
		</dict>
		<key>D4D4153519DDB02C001D920F</key>
		<dict>
			<key>children</key>
			<array>
				<string>D4D4153619DDB02C001D920F</string>
			</array>
			<key>isa</key>
			<string>PBXVariantGroup</string>
			<key>name</key>
			<string>LaunchScreen.xib</string>
			<key>sourceTree</key>
			<string>&lt;group&gt;</string>
		</dict>
		<key>D4D4153619DDB02C001D920F</key>
		<dict>
			<key>isa</key>
			<string>PBXFileReference</string>
			<key>lastKnownFileType</key>
			<string>file.xib</string>
			<key>name</key>
			<string>Base</string>
			<key>path</key>
			<string>Base.lproj/LaunchScreen.xib</string>
			<key>sourceTree</key>
			<string>&lt;group&gt;</string>
		</dict>
		<key>D4D4153719DDB02C001D920F</key>
		<dict>
			<key>fileRef</key>
			<string>D4D4153519DDB02C001D920F</string>
			<key>isa</key>
			<string>PBXBuildFile</string>
		</dict>
		<key>D4D4154419DDB02C001D920F</key>
		<dict>
			<key>buildSettings</key>
			<dict>
				<key>ALWAYS_SEARCH_USER_PATHS</key>
				<string>NO</string>
				<key>CLANG_CXX_LANGUAGE_STANDARD</key>
				<string>gnu++0x</string>
				<key>CLANG_CXX_LIBRARY</key>
				<string>libc++</string>
				<key>CLANG_ENABLE_MODULES</key>
				<string>YES</string>
				<key>CLANG_ENABLE_OBJC_ARC</key>
				<string>YES</string>
				<key>CLANG_WARN_BOOL_CONVERSION</key>
				<string>YES</string>
				<key>CLANG_WARN_CONSTANT_CONVERSION</key>
				<string>YES</string>
				<key>CLANG_WARN_DIRECT_OBJC_ISA_USAGE</key>
				<string>YES_ERROR</string>
				<key>CLANG_WARN_EMPTY_BODY</key>
				<string>YES</string>
				<key>CLANG_WARN_ENUM_CONVERSION</key>
				<string>YES</string>
				<key>CLANG_WARN_INT_CONVERSION</key>
				<string>YES</string>
				<key>CLANG_WARN_OBJC_ROOT_CLASS</key>
				<string>YES_ERROR</string>
				<key>CLANG_WARN_UNREACHABLE_CODE</key>
				<string>YES</string>
				<key>CLANG_WARN__DUPLICATE_METHOD_MATCH</key>
				<string>YES</string>
				<key>CODE_SIGN_IDENTITY[sdk=iphoneos*]</key>
				<string>iPhone Developer</string>
				<key>COPY_PHASE_STRIP</key>
				<string>NO</string>
				<key>ENABLE_STRICT_OBJC_MSGSEND</key>
				<string>YES</string>
				<key>ENABLE_TESTABILITY</key>
				<string>YES</string>
				<key>GCC_C_LANGUAGE_STANDARD</key>
				<string>gnu99</string>
				<key>GCC_DYNAMIC_NO_PIC</key>
				<string>NO</string>
				<key>GCC_OPTIMIZATION_LEVEL</key>
				<string>0</string>
				<key>GCC_PREPROCESSOR_DEFINITIONS</key>
				<array>
					<string>DEBUG=1</string>
					<string>$(inherited)</string>
				</array>
				<key>GCC_SYMBOLS_PRIVATE_EXTERN</key>
				<string>NO</string>
				<key>GCC_WARN_64_TO_32_BIT_CONVERSION</key>
				<string>YES</string>
				<key>GCC_WARN_ABOUT_RETURN_TYPE</key>
				<string>YES_ERROR</string>
				<key>GCC_WARN_UNDECLARED_SELECTOR</key>
				<string>YES</string>
				<key>GCC_WARN_UNINITIALIZED_AUTOS</key>
				<string>YES_AGGRESSIVE</string>
				<key>GCC_WARN_UNUSED_FUNCTION</key>
				<string>YES</string>
				<key>GCC_WARN_UNUSED_VARIABLE</key>
				<string>YES</string>
				<key>IPHONEOS_DEPLOYMENT_TARGET</key>
				<string>8.0</string>
				<key>MTL_ENABLE_DEBUG_INFO</key>
				<string>YES</string>
				<key>ONLY_ACTIVE_ARCH</key>
				<string>YES</string>
				<key>SDKROOT</key>
				<string>iphoneos</string>
				<key>SWIFT_OPTIMIZATION_LEVEL</key>
				<string>-Onone</string>
				<key>TARGETED_DEVICE_FAMILY</key>
				<string>1,2</string>
			</dict>
			<key>isa</key>
			<string>XCBuildConfiguration</string>
			<key>name</key>
			<string>Debug</string>
		</dict>
		<key>D4D4154519DDB02C001D920F</key>
		<dict>
			<key>buildSettings</key>
			<dict>
				<key>ALWAYS_SEARCH_USER_PATHS</key>
				<string>NO</string>
				<key>CLANG_CXX_LANGUAGE_STANDARD</key>
				<string>gnu++0x</string>
				<key>CLANG_CXX_LIBRARY</key>
				<string>libc++</string>
				<key>CLANG_ENABLE_MODULES</key>
				<string>YES</string>
				<key>CLANG_ENABLE_OBJC_ARC</key>
				<string>YES</string>
				<key>CLANG_WARN_BOOL_CONVERSION</key>
				<string>YES</string>
				<key>CLANG_WARN_CONSTANT_CONVERSION</key>
				<string>YES</string>
				<key>CLANG_WARN_DIRECT_OBJC_ISA_USAGE</key>
				<string>YES_ERROR</string>
				<key>CLANG_WARN_EMPTY_BODY</key>
				<string>YES</string>
				<key>CLANG_WARN_ENUM_CONVERSION</key>
				<string>YES</string>
				<key>CLANG_WARN_INT_CONVERSION</key>
				<string>YES</string>
				<key>CLANG_WARN_OBJC_ROOT_CLASS</key>
				<string>YES_ERROR</string>
				<key>CLANG_WARN_UNREACHABLE_CODE</key>
				<string>YES</string>
				<key>CLANG_WARN__DUPLICATE_METHOD_MATCH</key>
				<string>YES</string>
				<key>CODE_SIGN_IDENTITY[sdk=iphoneos*]</key>
				<string>iPhone Developer</string>
				<key>COPY_PHASE_STRIP</key>
				<string>YES</string>
				<key>ENABLE_NS_ASSERTIONS</key>
				<string>NO</string>
				<key>ENABLE_STRICT_OBJC_MSGSEND</key>
				<string>YES</string>
				<key>GCC_C_LANGUAGE_STANDARD</key>
				<string>gnu99</string>
				<key>GCC_WARN_64_TO_32_BIT_CONVERSION</key>
				<string>YES</string>
				<key>GCC_WARN_ABOUT_RETURN_TYPE</key>
				<string>YES_ERROR</string>
				<key>GCC_WARN_UNDECLARED_SELECTOR</key>
				<string>YES</string>
				<key>GCC_WARN_UNINITIALIZED_AUTOS</key>
				<string>YES_AGGRESSIVE</string>
				<key>GCC_WARN_UNUSED_FUNCTION</key>
				<string>YES</string>
				<key>GCC_WARN_UNUSED_VARIABLE</key>
				<string>YES</string>
				<key>IPHONEOS_DEPLOYMENT_TARGET</key>
				<string>8.0</string>
				<key>MTL_ENABLE_DEBUG_INFO</key>
				<string>NO</string>
				<key>SDKROOT</key>
				<string>iphoneos</string>
				<key>TARGETED_DEVICE_FAMILY</key>
				<string>1,2</string>
				<key>VALIDATE_PRODUCT</key>
				<string>YES</string>
			</dict>
			<key>isa</key>
			<string>XCBuildConfiguration</string>
			<key>name</key>
			<string>Release</string>
		</dict>
		<key>D4D4154619DDB02C001D920F</key>
		<dict>
			<key>buildConfigurations</key>
			<array>
				<string>D4D4154719DDB02C001D920F</string>
				<string>D4D4154819DDB02C001D920F</string>
			</array>
			<key>defaultConfigurationIsVisible</key>
			<string>0</string>
			<key>defaultConfigurationName</key>
			<string>Release</string>
			<key>isa</key>
			<string>XCConfigurationList</string>
		</dict>
		<key>D4D4154719DDB02C001D920F</key>
		<dict>
			<key>baseConfigurationReference</key>
			<string>D8F03CF7D4E674390BED8D2B</string>
			<key>buildSettings</key>
			<dict>
				<key>ASSETCATALOG_COMPILER_APPICON_NAME</key>
				<string>AppIcon</string>
				<key>INFOPLIST_FILE</key>
				<string>PureMVCSwift Demo/Info.plist</string>
				<key>IPHONEOS_DEPLOYMENT_TARGET</key>
				<string>8.0</string>
				<key>LD_RUNPATH_SEARCH_PATHS</key>
				<string>$(inherited) @executable_path/Frameworks</string>
				<key>PODS_ROOT</key>
				<string>$(SRCROOT)/Pods</string>
				<key>PRODUCT_BUNDLE_IDENTIFIER</key>
				<string>com.stephanschulz.puremvc.swift.standard.demo.$(PRODUCT_NAME:rfc1034identifier)</string>
				<key>PRODUCT_NAME</key>
				<string>$(TARGET_NAME)</string>
				<key>SWIFT_OBJC_BRIDGING_HEADER</key>
				<string>PureMVCSwift Demo/Objective-C-Bridge.h</string>
				<key>SWIFT_VERSION</key>
				<string>3.0</string>
			</dict>
			<key>isa</key>
			<string>XCBuildConfiguration</string>
			<key>name</key>
			<string>Debug</string>
		</dict>
		<key>D4D4154819DDB02C001D920F</key>
		<dict>
			<key>baseConfigurationReference</key>
			<string>36C72CCE349394302ABE3603</string>
			<key>buildSettings</key>
			<dict>
				<key>ASSETCATALOG_COMPILER_APPICON_NAME</key>
				<string>AppIcon</string>
				<key>INFOPLIST_FILE</key>
				<string>PureMVCSwift Demo/Info.plist</string>
				<key>IPHONEOS_DEPLOYMENT_TARGET</key>
				<string>8.0</string>
				<key>LD_RUNPATH_SEARCH_PATHS</key>
				<string>$(inherited) @executable_path/Frameworks</string>
				<key>PODS_ROOT</key>
				<string>$(SRCROOT)/Pods</string>
				<key>PRODUCT_BUNDLE_IDENTIFIER</key>
				<string>com.stephanschulz.puremvc.swift.standard.demo.$(PRODUCT_NAME:rfc1034identifier)</string>
				<key>PRODUCT_NAME</key>
				<string>$(TARGET_NAME)</string>
				<key>SWIFT_OBJC_BRIDGING_HEADER</key>
				<string>PureMVCSwift Demo/Objective-C-Bridge.h</string>
				<key>SWIFT_VERSION</key>
				<string>3.0</string>
			</dict>
			<key>isa</key>
			<string>XCBuildConfiguration</string>
			<key>name</key>
			<string>Release</string>
		</dict>
		<key>D4D4154C19DDB053001D920F</key>
		<dict>
			<key>children</key>
			<array>
				<string>D4D4154D19DDB053001D920F</string>
				<string>D4D4154E19DDB053001D920F</string>
				<string>D4D4154F19DDB053001D920F</string>
				<string>D4D4155119DDB053001D920F</string>
			</array>
			<key>isa</key>
			<string>PBXGroup</string>
			<key>path</key>
			<string>Classes</string>
			<key>sourceTree</key>
			<string>&lt;group&gt;</string>
		</dict>
		<key>D4D4154D19DDB053001D920F</key>
		<dict>
			<key>fileEncoding</key>
			<string>4</string>
			<key>isa</key>
			<string>PBXFileReference</string>
			<key>lastKnownFileType</key>
			<string>sourcecode.swift</string>
			<key>path</key>
			<string>ApplicationFacade.swift</string>
			<key>sourceTree</key>
			<string>&lt;group&gt;</string>
		</dict>
		<key>D4D4154E19DDB053001D920F</key>
		<dict>
			<key>children</key>
			<array>
				<string>D45B8A1C19DE96FB002CF664</string>
			</array>
			<key>isa</key>
			<string>PBXGroup</string>
			<key>path</key>
			<string>Controller</string>
			<key>sourceTree</key>
			<string>&lt;group&gt;</string>
		</dict>
		<key>D4D4154F19DDB053001D920F</key>
		<dict>
			<key>children</key>
			<array>
				<string>D47F666419E3F41B00DB4C3A</string>
				<string>D4D4155019DDB053001D920F</string>
				<string>D4950B1819E280AF00AE4D54</string>
			</array>
			<key>isa</key>
			<string>PBXGroup</string>
			<key>path</key>
			<string>Model</string>
			<key>sourceTree</key>
			<string>&lt;group&gt;</string>
		</dict>
		<key>D4D4155019DDB053001D920F</key>
		<dict>
			<key>children</key>
			<array>
				<string>D4950B1619E280A700AE4D54</string>
			</array>
			<key>isa</key>
			<string>PBXGroup</string>
			<key>path</key>
			<string>vo</string>
			<key>sourceTree</key>
			<string>&lt;group&gt;</string>
		</dict>
		<key>D4D4155119DDB053001D920F</key>
		<dict>
			<key>children</key>
			<array>
				<string>D4D4155219DDB053001D920F</string>
				<string>D40BF1A719E69D2C00FDB633</string>
				<string>D4950B5819E2B11600AE4D54</string>
			</array>
			<key>isa</key>
			<string>PBXGroup</string>
			<key>path</key>
			<string>View</string>
			<key>sourceTree</key>
			<string>&lt;group&gt;</string>
		</dict>
		<key>D4D4155219DDB053001D920F</key>
		<dict>
			<key>children</key>
			<array/>
			<key>isa</key>
			<string>PBXGroup</string>
			<key>path</key>
			<string>components</string>
			<key>sourceTree</key>
			<string>&lt;group&gt;</string>
		</dict>
		<key>D4D4155319DDB053001D920F</key>
		<dict>
			<key>fileRef</key>
			<string>D4D4154D19DDB053001D920F</string>
			<key>isa</key>
			<string>PBXBuildFile</string>
		</dict>
		<key>D4D4155419DDB06A001D920F</key>
		<dict>
			<key>fileEncoding</key>
			<string>4</string>
			<key>isa</key>
			<string>PBXFileReference</string>
			<key>lastKnownFileType</key>
			<string>sourcecode.swift</string>
			<key>path</key>
			<string>Controller.swift</string>
			<key>sourceTree</key>
			<string>&lt;group&gt;</string>
		</dict>
		<key>D4D4155519DDB06A001D920F</key>
		<dict>
			<key>fileEncoding</key>
			<string>4</string>
			<key>isa</key>
			<string>PBXFileReference</string>
			<key>lastKnownFileType</key>
			<string>sourcecode.swift</string>
			<key>path</key>
			<string>Model.swift</string>
			<key>sourceTree</key>
			<string>&lt;group&gt;</string>
		</dict>
		<key>D4D4155619DDB06A001D920F</key>
		<dict>
			<key>fileEncoding</key>
			<string>4</string>
			<key>isa</key>
			<string>PBXFileReference</string>
			<key>lastKnownFileType</key>
			<string>sourcecode.swift</string>
			<key>path</key>
			<string>View.swift</string>
			<key>sourceTree</key>
			<string>&lt;group&gt;</string>
		</dict>
		<key>D4D4155719DDB06A001D920F</key>
		<dict>
			<key>children</key>
			<array>
				<string>D4D4155419DDB06A001D920F</string>
				<string>D4D4155519DDB06A001D920F</string>
				<string>D4D4155619DDB06A001D920F</string>
			</array>
			<key>isa</key>
			<string>PBXGroup</string>
			<key>path</key>
			<string>core</string>
			<key>sourceTree</key>
			<string>&lt;group&gt;</string>
		</dict>
		<key>D4D4155819DDB06A001D920F</key>
		<dict>
			<key>fileEncoding</key>
			<string>4</string>
			<key>isa</key>
			<string>PBXFileReference</string>
			<key>lastKnownFileType</key>
			<string>sourcecode.swift</string>
			<key>path</key>
			<string>ICommand.swift</string>
			<key>sourceTree</key>
			<string>&lt;group&gt;</string>
		</dict>
		<key>D4D4155919DDB06A001D920F</key>
		<dict>
			<key>fileEncoding</key>
			<string>4</string>
			<key>isa</key>
			<string>PBXFileReference</string>
			<key>lastKnownFileType</key>
			<string>sourcecode.swift</string>
			<key>path</key>
			<string>IController.swift</string>
			<key>sourceTree</key>
			<string>&lt;group&gt;</string>
		</dict>
		<key>D4D4155A19DDB06A001D920F</key>
		<dict>
			<key>fileEncoding</key>
			<string>4</string>
			<key>isa</key>
			<string>PBXFileReference</string>
			<key>lastKnownFileType</key>
			<string>sourcecode.swift</string>
			<key>path</key>
			<string>IFacade.swift</string>
			<key>sourceTree</key>
			<string>&lt;group&gt;</string>
		</dict>
		<key>D4D4155B19DDB06A001D920F</key>
		<dict>
			<key>fileEncoding</key>
			<string>4</string>
			<key>isa</key>
			<string>PBXFileReference</string>
			<key>lastKnownFileType</key>
			<string>sourcecode.swift</string>
			<key>path</key>
			<string>IMediator.swift</string>
			<key>sourceTree</key>
			<string>&lt;group&gt;</string>
		</dict>
		<key>D4D4155C19DDB06A001D920F</key>
		<dict>
			<key>fileEncoding</key>
			<string>4</string>
			<key>isa</key>
			<string>PBXFileReference</string>
			<key>lastKnownFileType</key>
			<string>sourcecode.swift</string>
			<key>path</key>
			<string>IModel.swift</string>
			<key>sourceTree</key>
			<string>&lt;group&gt;</string>
		</dict>
		<key>D4D4155D19DDB06A001D920F</key>
		<dict>
			<key>fileEncoding</key>
			<string>4</string>
			<key>isa</key>
			<string>PBXFileReference</string>
			<key>lastKnownFileType</key>
			<string>sourcecode.swift</string>
			<key>path</key>
			<string>INotification.swift</string>
			<key>sourceTree</key>
			<string>&lt;group&gt;</string>
		</dict>
		<key>D4D4155E19DDB06A001D920F</key>
		<dict>
			<key>fileEncoding</key>
			<string>4</string>
			<key>isa</key>
			<string>PBXFileReference</string>
			<key>lastKnownFileType</key>
			<string>sourcecode.swift</string>
			<key>path</key>
			<string>INotifier.swift</string>
			<key>sourceTree</key>
			<string>&lt;group&gt;</string>
		</dict>
		<key>D4D4155F19DDB06A001D920F</key>
		<dict>
			<key>fileEncoding</key>
			<string>4</string>
			<key>isa</key>
			<string>PBXFileReference</string>
			<key>lastKnownFileType</key>
			<string>sourcecode.swift</string>
			<key>path</key>
			<string>IObserver.swift</string>
			<key>sourceTree</key>
			<string>&lt;group&gt;</string>
		</dict>
		<key>D4D4156019DDB06A001D920F</key>
		<dict>
			<key>fileEncoding</key>
			<string>4</string>
			<key>isa</key>
			<string>PBXFileReference</string>
			<key>lastKnownFileType</key>
			<string>sourcecode.swift</string>
			<key>path</key>
			<string>IProxy.swift</string>
			<key>sourceTree</key>
			<string>&lt;group&gt;</string>
		</dict>
		<key>D4D4156119DDB06A001D920F</key>
		<dict>
			<key>fileEncoding</key>
			<string>4</string>
			<key>isa</key>
			<string>PBXFileReference</string>
			<key>lastKnownFileType</key>
			<string>sourcecode.swift</string>
			<key>path</key>
			<string>IView.swift</string>
			<key>sourceTree</key>
			<string>&lt;group&gt;</string>
		</dict>
		<key>D4D4156219DDB06A001D920F</key>
		<dict>
			<key>children</key>
			<array>
				<string>D4D4155819DDB06A001D920F</string>
				<string>D4D4155919DDB06A001D920F</string>
				<string>D4D4155A19DDB06A001D920F</string>
				<string>D4D4155B19DDB06A001D920F</string>
				<string>D4D4155C19DDB06A001D920F</string>
				<string>D4D4155D19DDB06A001D920F</string>
				<string>D4D4155E19DDB06A001D920F</string>
				<string>D4D4155F19DDB06A001D920F</string>
				<string>D4D4156019DDB06A001D920F</string>
				<string>D4D4156119DDB06A001D920F</string>
			</array>
			<key>isa</key>
			<string>PBXGroup</string>
			<key>path</key>
			<string>interfaces</string>
			<key>sourceTree</key>
			<string>&lt;group&gt;</string>
		</dict>
		<key>D4D4156319DDB06A001D920F</key>
		<dict>
			<key>fileEncoding</key>
			<string>4</string>
			<key>isa</key>
			<string>PBXFileReference</string>
			<key>lastKnownFileType</key>
			<string>sourcecode.swift</string>
			<key>path</key>
			<string>MacroCommand.swift</string>
			<key>sourceTree</key>
			<string>&lt;group&gt;</string>
		</dict>
		<key>D4D4156419DDB06A001D920F</key>
		<dict>
			<key>fileEncoding</key>
			<string>4</string>
			<key>isa</key>
			<string>PBXFileReference</string>
			<key>lastKnownFileType</key>
			<string>sourcecode.swift</string>
			<key>path</key>
			<string>SimpleCommand.swift</string>
			<key>sourceTree</key>
			<string>&lt;group&gt;</string>
		</dict>
		<key>D4D4156519DDB06A001D920F</key>
		<dict>
			<key>children</key>
			<array>
				<string>D4D4156319DDB06A001D920F</string>
				<string>D4D4156419DDB06A001D920F</string>
			</array>
			<key>isa</key>
			<string>PBXGroup</string>
			<key>path</key>
			<string>command</string>
			<key>sourceTree</key>
			<string>&lt;group&gt;</string>
		</dict>
		<key>D4D4156619DDB06A001D920F</key>
		<dict>
			<key>fileEncoding</key>
			<string>4</string>
			<key>isa</key>
			<string>PBXFileReference</string>
			<key>lastKnownFileType</key>
			<string>sourcecode.swift</string>
			<key>path</key>
			<string>Facade.swift</string>
			<key>sourceTree</key>
			<string>&lt;group&gt;</string>
		</dict>
		<key>D4D4156719DDB06A001D920F</key>
		<dict>
			<key>children</key>
			<array>
				<string>D4D4156619DDB06A001D920F</string>
			</array>
			<key>isa</key>
			<string>PBXGroup</string>
			<key>path</key>
			<string>facade</string>
			<key>sourceTree</key>
			<string>&lt;group&gt;</string>
		</dict>
		<key>D4D4156819DDB06A001D920F</key>
		<dict>
			<key>fileEncoding</key>
			<string>4</string>
			<key>isa</key>
			<string>PBXFileReference</string>
			<key>lastKnownFileType</key>
			<string>sourcecode.swift</string>
			<key>path</key>
			<string>Mediator.swift</string>
			<key>sourceTree</key>
			<string>&lt;group&gt;</string>
		</dict>
		<key>D4D4156919DDB06A001D920F</key>
		<dict>
			<key>children</key>
			<array>
				<string>D4D4156819DDB06A001D920F</string>
			</array>
			<key>isa</key>
			<string>PBXGroup</string>
			<key>path</key>
			<string>mediator</string>
			<key>sourceTree</key>
			<string>&lt;group&gt;</string>
		</dict>
		<key>D4D4156A19DDB06A001D920F</key>
		<dict>
			<key>fileEncoding</key>
			<string>4</string>
			<key>isa</key>
			<string>PBXFileReference</string>
			<key>lastKnownFileType</key>
			<string>sourcecode.swift</string>
			<key>path</key>
			<string>Notification.swift</string>
			<key>sourceTree</key>
			<string>&lt;group&gt;</string>
		</dict>
		<key>D4D4156B19DDB06A001D920F</key>
		<dict>
			<key>fileEncoding</key>
			<string>4</string>
			<key>isa</key>
			<string>PBXFileReference</string>
			<key>lastKnownFileType</key>
			<string>sourcecode.swift</string>
			<key>path</key>
			<string>Notifier.swift</string>
			<key>sourceTree</key>
			<string>&lt;group&gt;</string>
		</dict>
		<key>D4D4156C19DDB06A001D920F</key>
		<dict>
			<key>fileEncoding</key>
			<string>4</string>
			<key>isa</key>
			<string>PBXFileReference</string>
			<key>lastKnownFileType</key>
			<string>sourcecode.swift</string>
			<key>path</key>
			<string>Observer.swift</string>
			<key>sourceTree</key>
			<string>&lt;group&gt;</string>
		</dict>
		<key>D4D4156D19DDB06A001D920F</key>
		<dict>
			<key>children</key>
			<array>
				<string>D4D4156A19DDB06A001D920F</string>
				<string>D4D4156B19DDB06A001D920F</string>
				<string>D4D4156C19DDB06A001D920F</string>
			</array>
			<key>isa</key>
			<string>PBXGroup</string>
			<key>path</key>
			<string>observer</string>
			<key>sourceTree</key>
			<string>&lt;group&gt;</string>
		</dict>
		<key>D4D4156E19DDB06A001D920F</key>
		<dict>
			<key>fileEncoding</key>
			<string>4</string>
			<key>isa</key>
			<string>PBXFileReference</string>
			<key>lastKnownFileType</key>
			<string>sourcecode.swift</string>
			<key>path</key>
			<string>Proxy.swift</string>
			<key>sourceTree</key>
			<string>&lt;group&gt;</string>
		</dict>
		<key>D4D4156F19DDB06A001D920F</key>
		<dict>
			<key>children</key>
			<array>
				<string>D4D4156E19DDB06A001D920F</string>
			</array>
			<key>isa</key>
			<string>PBXGroup</string>
			<key>path</key>
			<string>proxy</string>
			<key>sourceTree</key>
			<string>&lt;group&gt;</string>
		</dict>
		<key>D4D4157019DDB06A001D920F</key>
		<dict>
			<key>children</key>
			<array>
				<string>D4D4156519DDB06A001D920F</string>
				<string>D4D4156719DDB06A001D920F</string>
				<string>D4D4156919DDB06A001D920F</string>
				<string>D4D4156D19DDB06A001D920F</string>
				<string>D4D4156F19DDB06A001D920F</string>
			</array>
			<key>isa</key>
			<string>PBXGroup</string>
			<key>path</key>
			<string>patterns</string>
			<key>sourceTree</key>
			<string>&lt;group&gt;</string>
		</dict>
		<key>D4D4157119DDB06A001D920F</key>
		<dict>
			<key>children</key>
			<array>
				<string>D4D4155719DDB06A001D920F</string>
				<string>D4D4156219DDB06A001D920F</string>
				<string>D4D4157019DDB06A001D920F</string>
			</array>
			<key>isa</key>
			<string>PBXGroup</string>
			<key>path</key>
			<string>swift</string>
			<key>sourceTree</key>
			<string>&lt;group&gt;</string>
		</dict>
		<key>D4D4157219DDB06A001D920F</key>
		<dict>
			<key>children</key>
			<array>
				<string>D4D4157119DDB06A001D920F</string>
			</array>
			<key>isa</key>
			<string>PBXGroup</string>
			<key>path</key>
			<string>puremvc</string>
			<key>sourceTree</key>
			<string>&lt;group&gt;</string>
		</dict>
		<key>D4D4157319DDB06A001D920F</key>
		<dict>
			<key>children</key>
			<array>
				<string>D4D4157219DDB06A001D920F</string>
			</array>
			<key>isa</key>
			<string>PBXGroup</string>
			<key>path</key>
			<string>org</string>
			<key>sourceTree</key>
			<string>&lt;group&gt;</string>
		</dict>
		<key>D4D4157419DDB06A001D920F</key>
		<dict>
			<key>children</key>
			<array>
				<string>D4D4157319DDB06A001D920F</string>
			</array>
			<key>isa</key>
			<string>PBXGroup</string>
			<key>name</key>
			<string>PureMVCSwift</string>
			<key>path</key>
			<string>../../PureMVCSwift</string>
			<key>sourceTree</key>
			<string>&lt;group&gt;</string>
		</dict>
		<key>D4D4157519DDB06A001D920F</key>
		<dict>
			<key>fileRef</key>
			<string>D4D4155419DDB06A001D920F</string>
			<key>isa</key>
			<string>PBXBuildFile</string>
		</dict>
		<key>D4D4157619DDB06A001D920F</key>
		<dict>
			<key>fileRef</key>
			<string>D4D4155519DDB06A001D920F</string>
			<key>isa</key>
			<string>PBXBuildFile</string>
		</dict>
		<key>D4D4157719DDB06A001D920F</key>
		<dict>
			<key>fileRef</key>
			<string>D4D4155619DDB06A001D920F</string>
			<key>isa</key>
			<string>PBXBuildFile</string>
		</dict>
		<key>D4D4157819DDB06A001D920F</key>
		<dict>
			<key>fileRef</key>
			<string>D4D4155819DDB06A001D920F</string>
			<key>isa</key>
			<string>PBXBuildFile</string>
		</dict>
		<key>D4D4157919DDB06A001D920F</key>
		<dict>
			<key>fileRef</key>
			<string>D4D4155919DDB06A001D920F</string>
			<key>isa</key>
			<string>PBXBuildFile</string>
		</dict>
		<key>D4D4157A19DDB06A001D920F</key>
		<dict>
			<key>fileRef</key>
			<string>D4D4155A19DDB06A001D920F</string>
			<key>isa</key>
			<string>PBXBuildFile</string>
		</dict>
		<key>D4D4157B19DDB06A001D920F</key>
		<dict>
			<key>fileRef</key>
			<string>D4D4155B19DDB06A001D920F</string>
			<key>isa</key>
			<string>PBXBuildFile</string>
		</dict>
		<key>D4D4157C19DDB06A001D920F</key>
		<dict>
			<key>fileRef</key>
			<string>D4D4155C19DDB06A001D920F</string>
			<key>isa</key>
			<string>PBXBuildFile</string>
		</dict>
		<key>D4D4157D19DDB06A001D920F</key>
		<dict>
			<key>fileRef</key>
			<string>D4D4155D19DDB06A001D920F</string>
			<key>isa</key>
			<string>PBXBuildFile</string>
		</dict>
		<key>D4D4157E19DDB06A001D920F</key>
		<dict>
			<key>fileRef</key>
			<string>D4D4155E19DDB06A001D920F</string>
			<key>isa</key>
			<string>PBXBuildFile</string>
		</dict>
		<key>D4D4157F19DDB06A001D920F</key>
		<dict>
			<key>fileRef</key>
			<string>D4D4155F19DDB06A001D920F</string>
			<key>isa</key>
			<string>PBXBuildFile</string>
		</dict>
		<key>D4D4158019DDB06A001D920F</key>
		<dict>
			<key>fileRef</key>
			<string>D4D4156019DDB06A001D920F</string>
			<key>isa</key>
			<string>PBXBuildFile</string>
		</dict>
		<key>D4D4158119DDB06A001D920F</key>
		<dict>
			<key>fileRef</key>
			<string>D4D4156119DDB06A001D920F</string>
			<key>isa</key>
			<string>PBXBuildFile</string>
		</dict>
		<key>D4D4158219DDB06A001D920F</key>
		<dict>
			<key>fileRef</key>
			<string>D4D4156319DDB06A001D920F</string>
			<key>isa</key>
			<string>PBXBuildFile</string>
		</dict>
		<key>D4D4158319DDB06A001D920F</key>
		<dict>
			<key>fileRef</key>
			<string>D4D4156419DDB06A001D920F</string>
			<key>isa</key>
			<string>PBXBuildFile</string>
		</dict>
		<key>D4D4158419DDB06A001D920F</key>
		<dict>
			<key>fileRef</key>
			<string>D4D4156619DDB06A001D920F</string>
			<key>isa</key>
			<string>PBXBuildFile</string>
		</dict>
		<key>D4D4158519DDB06A001D920F</key>
		<dict>
			<key>fileRef</key>
			<string>D4D4156819DDB06A001D920F</string>
			<key>isa</key>
			<string>PBXBuildFile</string>
		</dict>
		<key>D4D4158619DDB06A001D920F</key>
		<dict>
			<key>fileRef</key>
			<string>D4D4156A19DDB06A001D920F</string>
			<key>isa</key>
			<string>PBXBuildFile</string>
		</dict>
		<key>D4D4158719DDB06A001D920F</key>
		<dict>
			<key>fileRef</key>
			<string>D4D4156B19DDB06A001D920F</string>
			<key>isa</key>
			<string>PBXBuildFile</string>
		</dict>
		<key>D4D4158819DDB06A001D920F</key>
		<dict>
			<key>fileRef</key>
			<string>D4D4156C19DDB06A001D920F</string>
			<key>isa</key>
			<string>PBXBuildFile</string>
		</dict>
		<key>D4D4158919DDB06A001D920F</key>
		<dict>
			<key>fileRef</key>
			<string>D4D4156E19DDB06A001D920F</string>
			<key>isa</key>
			<string>PBXBuildFile</string>
		</dict>
		<key>D50F57F7874CADCC881AC0F1</key>
		<dict>
			<key>fileRef</key>
			<string>9F6D1F742A74E012E010E9DE</string>
			<key>isa</key>
			<string>PBXBuildFile</string>
		</dict>
		<key>D8F03CF7D4E674390BED8D2B</key>
		<dict>
			<key>includeInIndex</key>
			<string>1</string>
			<key>isa</key>
			<string>PBXFileReference</string>
			<key>lastKnownFileType</key>
			<string>text.xcconfig</string>
			<key>name</key>
			<string>Pods.debug.xcconfig</string>
			<key>path</key>
			<string>Pods/Target Support Files/Pods/Pods.debug.xcconfig</string>
			<key>sourceTree</key>
			<string>&lt;group&gt;</string>
		</dict>
	</dict>
	<key>rootObject</key>
	<string>D4D4151F19DDB02C001D920F</string>
</dict>
</plist>
